// !$*UTF8*$!
{
	archiveVersion = 1;
	classes = {
	};
	objectVersion = 55;
	objects = {

/* Begin PBXBuildFile section */
		3B45212827CD453A00ACE5F2 /* CalculateViewController.swift in Sources */ = {isa = PBXBuildFile; fileRef = 3B45212727CD453A00ACE5F2 /* CalculateViewController.swift */; };
		3BA2351327A986600019DAB4 /* AppDelegate.swift in Sources */ = {isa = PBXBuildFile; fileRef = 3BA2351227A986600019DAB4 /* AppDelegate.swift */; };
		3BA2351527A986600019DAB4 /* SceneDelegate.swift in Sources */ = {isa = PBXBuildFile; fileRef = 3BA2351427A986600019DAB4 /* SceneDelegate.swift */; };
		3BA2351727A986600019DAB4 /* ViewController.swift in Sources */ = {isa = PBXBuildFile; fileRef = 3BA2351627A986600019DAB4 /* ViewController.swift */; };
		3BA2351A27A986600019DAB4 /* Main.storyboard in Resources */ = {isa = PBXBuildFile; fileRef = 3BA2351827A986600019DAB4 /* Main.storyboard */; };
		3BA2351C27A986620019DAB4 /* Assets.xcassets in Resources */ = {isa = PBXBuildFile; fileRef = 3BA2351B27A986620019DAB4 /* Assets.xcassets */; };
		3BA2351F27A986620019DAB4 /* LaunchScreen.storyboard in Resources */ = {isa = PBXBuildFile; fileRef = 3BA2351D27A986620019DAB4 /* LaunchScreen.storyboard */; };
		3BA2352A27A986620019DAB4 /* MathCalcTests.swift in Sources */ = {isa = PBXBuildFile; fileRef = 3BA2352927A986620019DAB4 /* MathCalcTests.swift */; };
		3BA2353427A986620019DAB4 /* MathCalcUITests.swift in Sources */ = {isa = PBXBuildFile; fileRef = 3BA2353327A986620019DAB4 /* MathCalcUITests.swift */; };
		3BA2353627A986620019DAB4 /* MathCalcUITestsLaunchTests.swift in Sources */ = {isa = PBXBuildFile; fileRef = 3BA2353527A986620019DAB4 /* MathCalcUITestsLaunchTests.swift */; };
		3BA2354427A987330019DAB4 /* Matrices.swift in Sources */ = {isa = PBXBuildFile; fileRef = 3BA2354327A987330019DAB4 /* Matrices.swift */; };
/* End PBXBuildFile section */

/* Begin PBXContainerItemProxy section */
		3BA2352627A986620019DAB4 /* PBXContainerItemProxy */ = {
			isa = PBXContainerItemProxy;
			containerPortal = 3BA2350727A986600019DAB4 /* Project object */;
			proxyType = 1;
			remoteGlobalIDString = 3BA2350E27A986600019DAB4;
			remoteInfo = MathCalc;
		};
		3BA2353027A986620019DAB4 /* PBXContainerItemProxy */ = {
			isa = PBXContainerItemProxy;
			containerPortal = 3BA2350727A986600019DAB4 /* Project object */;
			proxyType = 1;
			remoteGlobalIDString = 3BA2350E27A986600019DAB4;
			remoteInfo = MathCalc;
		};
/* End PBXContainerItemProxy section */

/* Begin PBXFileReference section */
		3B45212727CD453A00ACE5F2 /* CalculateViewController.swift */ = {isa = PBXFileReference; lastKnownFileType = sourcecode.swift; path = CalculateViewController.swift; sourceTree = "<group>"; };
		3BA2350F27A986600019DAB4 /* MathCalc.app */ = {isa = PBXFileReference; explicitFileType = wrapper.application; includeInIndex = 0; path = MathCalc.app; sourceTree = BUILT_PRODUCTS_DIR; };
		3BA2351227A986600019DAB4 /* AppDelegate.swift */ = {isa = PBXFileReference; lastKnownFileType = sourcecode.swift; path = AppDelegate.swift; sourceTree = "<group>"; };
		3BA2351427A986600019DAB4 /* SceneDelegate.swift */ = {isa = PBXFileReference; lastKnownFileType = sourcecode.swift; path = SceneDelegate.swift; sourceTree = "<group>"; };
		3BA2351627A986600019DAB4 /* ViewController.swift */ = {isa = PBXFileReference; lastKnownFileType = sourcecode.swift; path = ViewController.swift; sourceTree = "<group>"; };
		3BA2351927A986600019DAB4 /* Base */ = {isa = PBXFileReference; lastKnownFileType = file.storyboard; name = Base; path = Base.lproj/Main.storyboard; sourceTree = "<group>"; };
		3BA2351B27A986620019DAB4 /* Assets.xcassets */ = {isa = PBXFileReference; lastKnownFileType = folder.assetcatalog; path = Assets.xcassets; sourceTree = "<group>"; };
		3BA2351E27A986620019DAB4 /* Base */ = {isa = PBXFileReference; lastKnownFileType = file.storyboard; name = Base; path = Base.lproj/LaunchScreen.storyboard; sourceTree = "<group>"; };
		3BA2352027A986620019DAB4 /* Info.plist */ = {isa = PBXFileReference; lastKnownFileType = text.plist.xml; path = Info.plist; sourceTree = "<group>"; };
		3BA2352527A986620019DAB4 /* MathCalcTests.xctest */ = {isa = PBXFileReference; explicitFileType = wrapper.cfbundle; includeInIndex = 0; path = MathCalcTests.xctest; sourceTree = BUILT_PRODUCTS_DIR; };
		3BA2352927A986620019DAB4 /* MathCalcTests.swift */ = {isa = PBXFileReference; lastKnownFileType = sourcecode.swift; path = MathCalcTests.swift; sourceTree = "<group>"; };
		3BA2352F27A986620019DAB4 /* MathCalcUITests.xctest */ = {isa = PBXFileReference; explicitFileType = wrapper.cfbundle; includeInIndex = 0; path = MathCalcUITests.xctest; sourceTree = BUILT_PRODUCTS_DIR; };
		3BA2353327A986620019DAB4 /* MathCalcUITests.swift */ = {isa = PBXFileReference; lastKnownFileType = sourcecode.swift; path = MathCalcUITests.swift; sourceTree = "<group>"; };
		3BA2353527A986620019DAB4 /* MathCalcUITestsLaunchTests.swift */ = {isa = PBXFileReference; lastKnownFileType = sourcecode.swift; path = MathCalcUITestsLaunchTests.swift; sourceTree = "<group>"; };
		3BA2354327A987330019DAB4 /* Matrices.swift */ = {isa = PBXFileReference; lastKnownFileType = sourcecode.swift; path = Matrices.swift; sourceTree = "<group>"; };
/* End PBXFileReference section */

/* Begin PBXFrameworksBuildPhase section */
		3BA2350C27A986600019DAB4 /* Frameworks */ = {
			isa = PBXFrameworksBuildPhase;
			buildActionMask = 2147483647;
			files = (
			);
			runOnlyForDeploymentPostprocessing = 0;
		};
		3BA2352227A986620019DAB4 /* Frameworks */ = {
			isa = PBXFrameworksBuildPhase;
			buildActionMask = 2147483647;
			files = (
			);
			runOnlyForDeploymentPostprocessing = 0;
		};
		3BA2352C27A986620019DAB4 /* Frameworks */ = {
			isa = PBXFrameworksBuildPhase;
			buildActionMask = 2147483647;
			files = (
			);
			runOnlyForDeploymentPostprocessing = 0;
		};
/* End PBXFrameworksBuildPhase section */

/* Begin PBXGroup section */
		3BA2350627A986600019DAB4 = {
			isa = PBXGroup;
			children = (
				3BA2351127A986600019DAB4 /* MathCalc */,
				3BA2352827A986620019DAB4 /* MathCalcTests */,
				3BA2353227A986620019DAB4 /* MathCalcUITests */,
				3BA2351027A986600019DAB4 /* Products */,
			);
			sourceTree = "<group>";
		};
		3BA2351027A986600019DAB4 /* Products */ = {
			isa = PBXGroup;
			children = (
				3BA2350F27A986600019DAB4 /* MathCalc.app */,
				3BA2352527A986620019DAB4 /* MathCalcTests.xctest */,
				3BA2352F27A986620019DAB4 /* MathCalcUITests.xctest */,
			);
			name = Products;
			sourceTree = "<group>";
		};
		3BA2351127A986600019DAB4 /* MathCalc */ = {
			isa = PBXGroup;
			children = (
				3BA2354227A986F30019DAB4 /* Functional */,
				3BA2351227A986600019DAB4 /* AppDelegate.swift */,
				3BA2351427A986600019DAB4 /* SceneDelegate.swift */,
				3BA2351627A986600019DAB4 /* ViewController.swift */,
				3BA2351827A986600019DAB4 /* Main.storyboard */,
				3BA2351B27A986620019DAB4 /* Assets.xcassets */,
				3BA2351D27A986620019DAB4 /* LaunchScreen.storyboard */,
				3BA2352027A986620019DAB4 /* Info.plist */,
				3B45212727CD453A00ACE5F2 /* CalculateViewController.swift */,
			);
			path = MathCalc;
			sourceTree = "<group>";
		};
		3BA2352827A986620019DAB4 /* MathCalcTests */ = {
			isa = PBXGroup;
			children = (
				3BA2352927A986620019DAB4 /* MathCalcTests.swift */,
			);
			path = MathCalcTests;
			sourceTree = "<group>";
		};
		3BA2353227A986620019DAB4 /* MathCalcUITests */ = {
			isa = PBXGroup;
			children = (
				3BA2353327A986620019DAB4 /* MathCalcUITests.swift */,
				3BA2353527A986620019DAB4 /* MathCalcUITestsLaunchTests.swift */,
			);
			path = MathCalcUITests;
			sourceTree = "<group>";
		};
		3BA2354227A986F30019DAB4 /* Functional */ = {
			isa = PBXGroup;
			children = (
				3BA2354327A987330019DAB4 /* Matrices.swift */,
			);
			path = Functional;
			sourceTree = "<group>";
		};
/* End PBXGroup section */

/* Begin PBXNativeTarget section */
		3BA2350E27A986600019DAB4 /* MathCalc */ = {
			isa = PBXNativeTarget;
			buildConfigurationList = 3BA2353927A986620019DAB4 /* Build configuration list for PBXNativeTarget "MathCalc" */;
			buildPhases = (
				3BA2350B27A986600019DAB4 /* Sources */,
				3BA2350C27A986600019DAB4 /* Frameworks */,
				3BA2350D27A986600019DAB4 /* Resources */,
			);
			buildRules = (
			);
			dependencies = (
			);
			name = MathCalc;
			productName = MathCalc;
			productReference = 3BA2350F27A986600019DAB4 /* MathCalc.app */;
			productType = "com.apple.product-type.application";
		};
		3BA2352427A986620019DAB4 /* MathCalcTests */ = {
			isa = PBXNativeTarget;
			buildConfigurationList = 3BA2353C27A986620019DAB4 /* Build configuration list for PBXNativeTarget "MathCalcTests" */;
			buildPhases = (
				3BA2352127A986620019DAB4 /* Sources */,
				3BA2352227A986620019DAB4 /* Frameworks */,
				3BA2352327A986620019DAB4 /* Resources */,
			);
			buildRules = (
			);
			dependencies = (
				3BA2352727A986620019DAB4 /* PBXTargetDependency */,
			);
			name = MathCalcTests;
			productName = MathCalcTests;
			productReference = 3BA2352527A986620019DAB4 /* MathCalcTests.xctest */;
			productType = "com.apple.product-type.bundle.unit-test";
		};
		3BA2352E27A986620019DAB4 /* MathCalcUITests */ = {
			isa = PBXNativeTarget;
			buildConfigurationList = 3BA2353F27A986620019DAB4 /* Build configuration list for PBXNativeTarget "MathCalcUITests" */;
			buildPhases = (
				3BA2352B27A986620019DAB4 /* Sources */,
				3BA2352C27A986620019DAB4 /* Frameworks */,
				3BA2352D27A986620019DAB4 /* Resources */,
			);
			buildRules = (
			);
			dependencies = (
				3BA2353127A986620019DAB4 /* PBXTargetDependency */,
			);
			name = MathCalcUITests;
			productName = MathCalcUITests;
			productReference = 3BA2352F27A986620019DAB4 /* MathCalcUITests.xctest */;
			productType = "com.apple.product-type.bundle.ui-testing";
		};
/* End PBXNativeTarget section */

/* Begin PBXProject section */
		3BA2350727A986600019DAB4 /* Project object */ = {
			isa = PBXProject;
			attributes = {
				BuildIndependentTargetsInParallel = 1;
				LastSwiftUpdateCheck = 1320;
				LastUpgradeCheck = 1320;
				TargetAttributes = {
					3BA2350E27A986600019DAB4 = {
						CreatedOnToolsVersion = 13.2.1;
					};
					3BA2352427A986620019DAB4 = {
						CreatedOnToolsVersion = 13.2.1;
						TestTargetID = 3BA2350E27A986600019DAB4;
					};
					3BA2352E27A986620019DAB4 = {
						CreatedOnToolsVersion = 13.2.1;
						TestTargetID = 3BA2350E27A986600019DAB4;
					};
				};
			};
			buildConfigurationList = 3BA2350A27A986600019DAB4 /* Build configuration list for PBXProject "MathCalc" */;
			compatibilityVersion = "Xcode 13.0";
			developmentRegion = en;
			hasScannedForEncodings = 0;
			knownRegions = (
				en,
				Base,
			);
			mainGroup = 3BA2350627A986600019DAB4;
			productRefGroup = 3BA2351027A986600019DAB4 /* Products */;
			projectDirPath = "";
			projectRoot = "";
			targets = (
				3BA2350E27A986600019DAB4 /* MathCalc */,
				3BA2352427A986620019DAB4 /* MathCalcTests */,
				3BA2352E27A986620019DAB4 /* MathCalcUITests */,
			);
		};
/* End PBXProject section */

/* Begin PBXResourcesBuildPhase section */
		3BA2350D27A986600019DAB4 /* Resources */ = {
			isa = PBXResourcesBuildPhase;
			buildActionMask = 2147483647;
			files = (
				3BA2351F27A986620019DAB4 /* LaunchScreen.storyboard in Resources */,
				3BA2351C27A986620019DAB4 /* Assets.xcassets in Resources */,
				3BA2351A27A986600019DAB4 /* Main.storyboard in Resources */,
			);
			runOnlyForDeploymentPostprocessing = 0;
		};
		3BA2352327A986620019DAB4 /* Resources */ = {
			isa = PBXResourcesBuildPhase;
			buildActionMask = 2147483647;
			files = (
			);
			runOnlyForDeploymentPostprocessing = 0;
		};
		3BA2352D27A986620019DAB4 /* Resources */ = {
			isa = PBXResourcesBuildPhase;
			buildActionMask = 2147483647;
			files = (
			);
			runOnlyForDeploymentPostprocessing = 0;
		};
/* End PBXResourcesBuildPhase section */

/* Begin PBXSourcesBuildPhase section */
		3BA2350B27A986600019DAB4 /* Sources */ = {
			isa = PBXSourcesBuildPhase;
			buildActionMask = 2147483647;
			files = (
				3BA2351727A986600019DAB4 /* ViewController.swift in Sources */,
				3BA2354427A987330019DAB4 /* Matrices.swift in Sources */,
				3BA2351327A986600019DAB4 /* AppDelegate.swift in Sources */,
				3BA2351527A986600019DAB4 /* SceneDelegate.swift in Sources */,
				3B45212827CD453A00ACE5F2 /* CalculateViewController.swift in Sources */,
			);
			runOnlyForDeploymentPostprocessing = 0;
		};
		3BA2352127A986620019DAB4 /* Sources */ = {
			isa = PBXSourcesBuildPhase;
			buildActionMask = 2147483647;
			files = (
				3BA2352A27A986620019DAB4 /* MathCalcTests.swift in Sources */,
			);
			runOnlyForDeploymentPostprocessing = 0;
		};
		3BA2352B27A986620019DAB4 /* Sources */ = {
			isa = PBXSourcesBuildPhase;
			buildActionMask = 2147483647;
			files = (
				3BA2353627A986620019DAB4 /* MathCalcUITestsLaunchTests.swift in Sources */,
				3BA2353427A986620019DAB4 /* MathCalcUITests.swift in Sources */,
			);
			runOnlyForDeploymentPostprocessing = 0;
		};
/* End PBXSourcesBuildPhase section */

/* Begin PBXTargetDependency section */
		3BA2352727A986620019DAB4 /* PBXTargetDependency */ = {
			isa = PBXTargetDependency;
			target = 3BA2350E27A986600019DAB4 /* MathCalc */;
			targetProxy = 3BA2352627A986620019DAB4 /* PBXContainerItemProxy */;
		};
		3BA2353127A986620019DAB4 /* PBXTargetDependency */ = {
			isa = PBXTargetDependency;
			target = 3BA2350E27A986600019DAB4 /* MathCalc */;
			targetProxy = 3BA2353027A986620019DAB4 /* PBXContainerItemProxy */;
		};
/* End PBXTargetDependency section */

/* Begin PBXVariantGroup section */
		3BA2351827A986600019DAB4 /* Main.storyboard */ = {
			isa = PBXVariantGroup;
			children = (
				3BA2351927A986600019DAB4 /* Base */,
			);
			name = Main.storyboard;
			sourceTree = "<group>";
		};
		3BA2351D27A986620019DAB4 /* LaunchScreen.storyboard */ = {
			isa = PBXVariantGroup;
			children = (
				3BA2351E27A986620019DAB4 /* Base */,
			);
			name = LaunchScreen.storyboard;
			sourceTree = "<group>";
		};
/* End PBXVariantGroup section */

/* Begin XCBuildConfiguration section */
		3BA2353727A986620019DAB4 /* Debug */ = {
			isa = XCBuildConfiguration;
			buildSettings = {
				ALWAYS_SEARCH_USER_PATHS = NO;
				CLANG_ANALYZER_NONNULL = YES;
				CLANG_ANALYZER_NUMBER_OBJECT_CONVERSION = YES_AGGRESSIVE;
				CLANG_CXX_LANGUAGE_STANDARD = "gnu++17";
				CLANG_CXX_LIBRARY = "libc++";
				CLANG_ENABLE_MODULES = YES;
				CLANG_ENABLE_OBJC_ARC = YES;
				CLANG_ENABLE_OBJC_WEAK = YES;
				CLANG_WARN_BLOCK_CAPTURE_AUTORELEASING = YES;
				CLANG_WARN_BOOL_CONVERSION = YES;
				CLANG_WARN_COMMA = YES;
				CLANG_WARN_CONSTANT_CONVERSION = YES;
				CLANG_WARN_DEPRECATED_OBJC_IMPLEMENTATIONS = YES;
				CLANG_WARN_DIRECT_OBJC_ISA_USAGE = YES_ERROR;
				CLANG_WARN_DOCUMENTATION_COMMENTS = YES;
				CLANG_WARN_EMPTY_BODY = YES;
				CLANG_WARN_ENUM_CONVERSION = YES;
				CLANG_WARN_INFINITE_RECURSION = YES;
				CLANG_WARN_INT_CONVERSION = YES;
				CLANG_WARN_NON_LITERAL_NULL_CONVERSION = YES;
				CLANG_WARN_OBJC_IMPLICIT_RETAIN_SELF = YES;
				CLANG_WARN_OBJC_LITERAL_CONVERSION = YES;
				CLANG_WARN_OBJC_ROOT_CLASS = YES_ERROR;
				CLANG_WARN_QUOTED_INCLUDE_IN_FRAMEWORK_HEADER = YES;
				CLANG_WARN_RANGE_LOOP_ANALYSIS = YES;
				CLANG_WARN_STRICT_PROTOTYPES = YES;
				CLANG_WARN_SUSPICIOUS_MOVE = YES;
				CLANG_WARN_UNGUARDED_AVAILABILITY = YES_AGGRESSIVE;
				CLANG_WARN_UNREACHABLE_CODE = YES;
				CLANG_WARN__DUPLICATE_METHOD_MATCH = YES;
				COPY_PHASE_STRIP = NO;
				DEBUG_INFORMATION_FORMAT = dwarf;
				ENABLE_STRICT_OBJC_MSGSEND = YES;
				ENABLE_TESTABILITY = YES;
				GCC_C_LANGUAGE_STANDARD = gnu11;
				GCC_DYNAMIC_NO_PIC = NO;
				GCC_NO_COMMON_BLOCKS = YES;
				GCC_OPTIMIZATION_LEVEL = 0;
				GCC_PREPROCESSOR_DEFINITIONS = (
					"DEBUG=1",
					"$(inherited)",
				);
				GCC_WARN_64_TO_32_BIT_CONVERSION = YES;
				GCC_WARN_ABOUT_RETURN_TYPE = YES_ERROR;
				GCC_WARN_UNDECLARED_SELECTOR = YES;
				GCC_WARN_UNINITIALIZED_AUTOS = YES_AGGRESSIVE;
				GCC_WARN_UNUSED_FUNCTION = YES;
				GCC_WARN_UNUSED_VARIABLE = YES;
				IPHONEOS_DEPLOYMENT_TARGET = 15.2;
				MTL_ENABLE_DEBUG_INFO = INCLUDE_SOURCE;
				MTL_FAST_MATH = YES;
				ONLY_ACTIVE_ARCH = YES;
				SDKROOT = iphoneos;
				SWIFT_ACTIVE_COMPILATION_CONDITIONS = DEBUG;
				SWIFT_OPTIMIZATION_LEVEL = "-Onone";
			};
			name = Debug;
		};
		3BA2353827A986620019DAB4 /* Release */ = {
			isa = XCBuildConfiguration;
			buildSettings = {
				ALWAYS_SEARCH_USER_PATHS = NO;
				CLANG_ANALYZER_NONNULL = YES;
				CLANG_ANALYZER_NUMBER_OBJECT_CONVERSION = YES_AGGRESSIVE;
				CLANG_CXX_LANGUAGE_STANDARD = "gnu++17";
				CLANG_CXX_LIBRARY = "libc++";
				CLANG_ENABLE_MODULES = YES;
				CLANG_ENABLE_OBJC_ARC = YES;
				CLANG_ENABLE_OBJC_WEAK = YES;
				CLANG_WARN_BLOCK_CAPTURE_AUTORELEASING = YES;
				CLANG_WARN_BOOL_CONVERSION = YES;
				CLANG_WARN_COMMA = YES;
				CLANG_WARN_CONSTANT_CONVERSION = YES;
				CLANG_WARN_DEPRECATED_OBJC_IMPLEMENTATIONS = YES;
				CLANG_WARN_DIRECT_OBJC_ISA_USAGE = YES_ERROR;
				CLANG_WARN_DOCUMENTATION_COMMENTS = YES;
				CLANG_WARN_EMPTY_BODY = YES;
				CLANG_WARN_ENUM_CONVERSION = YES;
				CLANG_WARN_INFINITE_RECURSION = YES;
				CLANG_WARN_INT_CONVERSION = YES;
				CLANG_WARN_NON_LITERAL_NULL_CONVERSION = YES;
				CLANG_WARN_OBJC_IMPLICIT_RETAIN_SELF = YES;
				CLANG_WARN_OBJC_LITERAL_CONVERSION = YES;
				CLANG_WARN_OBJC_ROOT_CLASS = YES_ERROR;
				CLANG_WARN_QUOTED_INCLUDE_IN_FRAMEWORK_HEADER = YES;
				CLANG_WARN_RANGE_LOOP_ANALYSIS = YES;
				CLANG_WARN_STRICT_PROTOTYPES = YES;
				CLANG_WARN_SUSPICIOUS_MOVE = YES;
				CLANG_WARN_UNGUARDED_AVAILABILITY = YES_AGGRESSIVE;
				CLANG_WARN_UNREACHABLE_CODE = YES;
				CLANG_WARN__DUPLICATE_METHOD_MATCH = YES;
				COPY_PHASE_STRIP = NO;
				DEBUG_INFORMATION_FORMAT = "dwarf-with-dsym";
				ENABLE_NS_ASSERTIONS = NO;
				ENABLE_STRICT_OBJC_MSGSEND = YES;
				GCC_C_LANGUAGE_STANDARD = gnu11;
				GCC_NO_COMMON_BLOCKS = YES;
				GCC_WARN_64_TO_32_BIT_CONVERSION = YES;
				GCC_WARN_ABOUT_RETURN_TYPE = YES_ERROR;
				GCC_WARN_UNDECLARED_SELECTOR = YES;
				GCC_WARN_UNINITIALIZED_AUTOS = YES_AGGRESSIVE;
				GCC_WARN_UNUSED_FUNCTION = YES;
				GCC_WARN_UNUSED_VARIABLE = YES;
				IPHONEOS_DEPLOYMENT_TARGET = 15.2;
				MTL_ENABLE_DEBUG_INFO = NO;
				MTL_FAST_MATH = YES;
				SDKROOT = iphoneos;
				SWIFT_COMPILATION_MODE = wholemodule;
				SWIFT_OPTIMIZATION_LEVEL = "-O";
				VALIDATE_PRODUCT = YES;
			};
			name = Release;
		};
		3BA2353A27A986620019DAB4 /* Debug */ = {
			isa = XCBuildConfiguration;
			buildSettings = {
				ASSETCATALOG_COMPILER_APPICON_NAME = AppIcon;
				ASSETCATALOG_COMPILER_GLOBAL_ACCENT_COLOR_NAME = AccentColor;
				CODE_SIGN_STYLE = Automatic;
				CURRENT_PROJECT_VERSION = 1;
				DEVELOPMENT_TEAM = 67R24UQ82P;
				GENERATE_INFOPLIST_FILE = YES;
				INFOPLIST_FILE = MathCalc/Info.plist;
				INFOPLIST_KEY_UIApplicationSupportsIndirectInputEvents = YES;
				INFOPLIST_KEY_UILaunchStoryboardName = LaunchScreen;
				INFOPLIST_KEY_UIMainStoryboardFile = Main;
				INFOPLIST_KEY_UISupportedInterfaceOrientations_iPad = "UIInterfaceOrientationPortrait UIInterfaceOrientationPortraitUpsideDown UIInterfaceOrientationLandscapeLeft UIInterfaceOrientationLandscapeRight";
				INFOPLIST_KEY_UISupportedInterfaceOrientations_iPhone = "UIInterfaceOrientationPortrait UIInterfaceOrientationLandscapeLeft UIInterfaceOrientationLandscapeRight";
				LD_RUNPATH_SEARCH_PATHS = (
					"$(inherited)",
					"@executable_path/Frameworks",
				);
				MARKETING_VERSION = 1.0;
				PRODUCT_BUNDLE_IDENTIFIER = com.dosherak.MathCalc;
				PRODUCT_NAME = "$(TARGET_NAME)";
				SWIFT_EMIT_LOC_STRINGS = YES;
				SWIFT_VERSION = 5.0;
				TARGETED_DEVICE_FAMILY = "1,2";
			};
			name = Debug;
		};
		3BA2353B27A986620019DAB4 /* Release */ = {
			isa = XCBuildConfiguration;
			buildSettings = {
				ASSETCATALOG_COMPILER_APPICON_NAME = AppIcon;
				ASSETCATALOG_COMPILER_GLOBAL_ACCENT_COLOR_NAME = AccentColor;
				CODE_SIGN_STYLE = Automatic;
				CURRENT_PROJECT_VERSION = 1;
				DEVELOPMENT_TEAM = 67R24UQ82P;
				GENERATE_INFOPLIST_FILE = YES;
				INFOPLIST_FILE = MathCalc/Info.plist;
				INFOPLIST_KEY_UIApplicationSupportsIndirectInputEvents = YES;
				INFOPLIST_KEY_UILaunchStoryboardName = LaunchScreen;
				INFOPLIST_KEY_UIMainStoryboardFile = Main;
				INFOPLIST_KEY_UISupportedInterfaceOrientations_iPad = "UIInterfaceOrientationPortrait UIInterfaceOrientationPortraitUpsideDown UIInterfaceOrientationLandscapeLeft UIInterfaceOrientationLandscapeRight";
				INFOPLIST_KEY_UISupportedInterfaceOrientations_iPhone = "UIInterfaceOrientationPortrait UIInterfaceOrientationLandscapeLeft UIInterfaceOrientationLandscapeRight";
				LD_RUNPATH_SEARCH_PATHS = (
					"$(inherited)",
					"@executable_path/Frameworks",
				);
				MARKETING_VERSION = 1.0;
				PRODUCT_BUNDLE_IDENTIFIER = com.dosherak.MathCalc;
				PRODUCT_NAME = "$(TARGET_NAME)";
				SWIFT_EMIT_LOC_STRINGS = YES;
				SWIFT_VERSION = 5.0;
				TARGETED_DEVICE_FAMILY = "1,2";
			};
			name = Release;
		};
		3BA2353D27A986620019DAB4 /* Debug */ = {
			isa = XCBuildConfiguration;
			buildSettings = {
				ALWAYS_EMBED_SWIFT_STANDARD_LIBRARIES = YES;
				BUNDLE_LOADER = "$(TEST_HOST)";
				CODE_SIGN_STYLE = Automatic;
				CURRENT_PROJECT_VERSION = 1;
				DEVELOPMENT_TEAM = 67R24UQ82P;
				GENERATE_INFOPLIST_FILE = YES;
				IPHONEOS_DEPLOYMENT_TARGET = 15.2;
				MARKETING_VERSION = 1.0;
				PRODUCT_BUNDLE_IDENTIFIER = com.dosherak.MathCalcTests;
				PRODUCT_NAME = "$(TARGET_NAME)";
				SWIFT_EMIT_LOC_STRINGS = NO;
				SWIFT_VERSION = 5.0;
				TARGETED_DEVICE_FAMILY = "1,2";
				TEST_HOST = "$(BUILT_PRODUCTS_DIR)/MathCalc.app/MathCalc";
			};
			name = Debug;
		};
		3BA2353E27A986620019DAB4 /* Release */ = {
			isa = XCBuildConfiguration;
			buildSettings = {
				ALWAYS_EMBED_SWIFT_STANDARD_LIBRARIES = YES;
				BUNDLE_LOADER = "$(TEST_HOST)";
				CODE_SIGN_STYLE = Automatic;
				CURRENT_PROJECT_VERSION = 1;
				DEVELOPMENT_TEAM = 67R24UQ82P;
				GENERATE_INFOPLIST_FILE = YES;
				IPHONEOS_DEPLOYMENT_TARGET = 15.2;
				MARKETING_VERSION = 1.0;
				PRODUCT_BUNDLE_IDENTIFIER = com.dosherak.MathCalcTests;
				PRODUCT_NAME = "$(TARGET_NAME)";
				SWIFT_EMIT_LOC_STRINGS = NO;
				SWIFT_VERSION = 5.0;
				TARGETED_DEVICE_FAMILY = "1,2";
				TEST_HOST = "$(BUILT_PRODUCTS_DIR)/MathCalc.app/MathCalc";
			};
			name = Release;
		};
		3BA2354027A986620019DAB4 /* Debug */ = {
			isa = XCBuildConfiguration;
			buildSettings = {
				ALWAYS_EMBED_SWIFT_STANDARD_LIBRARIES = YES;
				CODE_SIGN_STYLE = Automatic;
				CURRENT_PROJECT_VERSION = 1;
				DEVELOPMENT_TEAM = 67R24UQ82P;
				GENERATE_INFOPLIST_FILE = YES;
				MARKETING_VERSION = 1.0;
				PRODUCT_BUNDLE_IDENTIFIER = com.dosherak.MathCalcUITests;
				PRODUCT_NAME = "$(TARGET_NAME)";
				SWIFT_EMIT_LOC_STRINGS = NO;
				SWIFT_VERSION = 5.0;
				TARGETED_DEVICE_FAMILY = "1,2";
				TEST_TARGET_NAME = MathCalc;
			};
			name = Debug;
		};
		3BA2354127A986620019DAB4 /* Release */ = {
			isa = XCBuildConfiguration;
			buildSettings = {
				ALWAYS_EMBED_SWIFT_STANDARD_LIBRARIES = YES;
				CODE_SIGN_STYLE = Automatic;
				CURRENT_PROJECT_VERSION = 1;
				DEVELOPMENT_TEAM = 67R24UQ82P;
				GENERATE_INFOPLIST_FILE = YES;
				MARKETING_VERSION = 1.0;
				PRODUCT_BUNDLE_IDENTIFIER = com.dosherak.MathCalcUITests;
				PRODUCT_NAME = "$(TARGET_NAME)";
				SWIFT_EMIT_LOC_STRINGS = NO;
				SWIFT_VERSION = 5.0;
				TARGETED_DEVICE_FAMILY = "1,2";
				TEST_TARGET_NAME = MathCalc;
			};
			name = Release;
		};
/* End XCBuildConfiguration section */

/* Begin XCConfigurationList section */
		3BA2350A27A986600019DAB4 /* Build configuration list for PBXProject "MathCalc" */ = {
			isa = XCConfigurationList;
			buildConfigurations = (
				3BA2353727A986620019DAB4 /* Debug */,
				3BA2353827A986620019DAB4 /* Release */,
			);
			defaultConfigurationIsVisible = 0;
			defaultConfigurationName = Release;
		};
		3BA2353927A986620019DAB4 /* Build configuration list for PBXNativeTarget "MathCalc" */ = {
			isa = XCConfigurationList;
			buildConfigurations = (
				3BA2353A27A986620019DAB4 /* Debug */,
				3BA2353B27A986620019DAB4 /* Release */,
			);
			defaultConfigurationIsVisible = 0;
			defaultConfigurationName = Release;
		};
		3BA2353C27A986620019DAB4 /* Build configuration list for PBXNativeTarget "MathCalcTests" */ = {
			isa = XCConfigurationList;
			buildConfigurations = (
				3BA2353D27A986620019DAB4 /* Debug */,
				3BA2353E27A986620019DAB4 /* Release */,
			);
			defaultConfigurationIsVisible = 0;
			defaultConfigurationName = Release;
		};
		3BA2353F27A986620019DAB4 /* Build configuration list for PBXNativeTarget "MathCalcUITests" */ = {
			isa = XCConfigurationList;
			buildConfigurations = (
				3BA2354027A986620019DAB4 /* Debug */,
				3BA2354127A986620019DAB4 /* Release */,
			);
			defaultConfigurationIsVisible = 0;
			defaultConfigurationName = Release;
		};
/* End XCConfigurationList section */
	};
	rootObject = 3BA2350727A986600019DAB4 /* Project object */;
}
